{
  "name": "joelms",
  "version": "1.0.0",
  "lockfileVersion": 1,
  "requires": true,
  "dependencies": {
    "prettier": {
      "version": "1.10.1",
      "resolved": "https://registry.npmjs.org/prettier/-/prettier-1.10.1.tgz",
      "integrity": "sha512-lPTx4BsvN5v9w/JXBRNlvTXCJBKrr7VW4NOl1rdX00x+YuOLqNYAOGk2x7v+4PI4hx/SyW1Z3AEg9MeB87yYcQ==",
      "dev": true
    },
    "rollup": {
      "version": "0.53.4",
      "resolved": "https://registry.npmjs.org/rollup/-/rollup-0.53.4.tgz",
      "integrity": "sha512-ErW5cFw5KY/qiyUlPDJ7iBhw51Iro/oyvxETupO85bMg5T7MLlFj3lEDzwjLTOxJAyzWQanUYj/LZHm6aLLm5w==",
      "dev": true
    }
  }
}
